{
    "name": "default-scene",
    "version": "1.0.0",
    "lockfileVersion": 3,
    "requires": true,
    "packages": {
        "": {
            "name": "default-scene",
            "version": "1.0.0",
            "dependencies": {
                "@wonderlandengine/api": ">=1.6.0 <1.7.0",
                "@wonderlandengine/components": "^1.2.1",
                "gl-matrix": "^3.4.3"
            }
        },
        "node_modules/@types/earcut": {
            "version": "2.1.4",
            "license": "MIT"
        },
        "node_modules/@types/webxr": {
            "version": "0.5.24",
            "license": "MIT"
        },
        "node_modules/@wonderlandengine/api": {
            "version": "1.6.0",
            "license": "MIT",
            "dependencies": {
                "@types/webxr": "^0.5.0"
            }
        },
        "node_modules/@wonderlandengine/components": {
            "version": "1.2.5",
            "license": "MIT",
            "dependencies": {
                "@types/earcut": "^2.1.1",
                "@types/webxr": "^0.5.21",
                "@wonderlandengine/spatial-audio": "^1.2.3",
                "earcut": "^2.2.4",
                "gl-matrix": "^3.3.0"
            },
            "peerDependencies": {
                "@wonderlandengine/api": "^1.1.0"
            }
        },
        "node_modules/@wonderlandengine/spatial-audio": {
            "version": "1.2.5",
            "license": "MIT",
            "peerDependencies": {
                "@wonderlandengine/api": "^1.0.0",
                "@wonderlandengine/components": "^1.0.6",
                "gl-matrix": "^3.4.3"
            }
        },
        "node_modules/earcut": {
            "version": "2.2.4",
            "license": "ISC"
        },
        "node_modules/gl-matrix": {
            "version": "3.4.4",
            "license": "MIT"
        }
    }
}
